// !$*UTF8*$!
{
	archiveVersion = 1;
	classes = {
	};
	objectVersion = 46;
	objects = {

/* Begin PBXBuildFile section */
		1477B04710D0E52900B6698F /* QSCore.framework in Frameworks */ = {isa = PBXBuildFile; fileRef = 1477B04310D0E52900B6698F /* QSCore.framework */; };
		1477B04910D0E52900B6698F /* QSFoundation.framework in Frameworks */ = {isa = PBXBuildFile; fileRef = 1477B04510D0E52900B6698F /* QSFoundation.framework */; };
		14DE946A10D0DFC600851A6F /* AppKit.framework in Frameworks */ = {isa = PBXBuildFile; fileRef = 14DE946910D0DFC600851A6F /* AppKit.framework */; };
		36698269B9711733DDADAC34 /* Gear.png in Resources */ = {isa = PBXBuildFile; fileRef = 36698C4F07DED3EA48343AC8 /* Gear.png */; };
		36698C83F76CA526CCAAF08A /* QSServiceObjectSource.m in Sources */ = {isa = PBXBuildFile; fileRef = 36698B12077B2D6B54A9688F /* QSServiceObjectSource.m */; };
		36698F7E4F579379555319FD /* QSBridgeServiceAction.m in Sources */ = {isa = PBXBuildFile; fileRef = 36698E8257BDDD7ACCA4618C /* QSBridgeServiceAction.m */; };
		4D4D66DC0F4722D600DAAB6B /* NSServiceModifications.plist in Resources */ = {isa = PBXBuildFile; fileRef = 4D4D66DB0F4722D600DAAB6B /* NSServiceModifications.plist */; };
		7FE1627608294A8B00667242 /* QSServiceAction.m in Sources */ = {isa = PBXBuildFile; fileRef = 7FE1627508294A8B00667242 /* QSServiceAction.m */; };
/* End PBXBuildFile section */

/* Begin PBXFileReference section */
		1477B04310D0E52900B6698F /* QSCore.framework */ = {isa = PBXFileReference; lastKnownFileType = wrapper.framework; name = QSCore.framework; path = /Applications/Quicksilver.app/Contents/Frameworks/QSCore.framework; sourceTree = "<absolute>"; };
		1477B04510D0E52900B6698F /* QSFoundation.framework */ = {isa = PBXFileReference; lastKnownFileType = wrapper.framework; name = QSFoundation.framework; path = /Applications/Quicksilver.app/Contents/Frameworks/QSFoundation.framework; sourceTree = "<absolute>"; };
		14DE946910D0DFC600851A6F /* AppKit.framework */ = {isa = PBXFileReference; lastKnownFileType = wrapper.framework; name = AppKit.framework; path = System/Library/Frameworks/AppKit.framework; sourceTree = SDKROOT; };
		366987F6FAB75E91285B3284 /* QSBridgeServiceAction.h */ = {isa = PBXFileReference; fileEncoding = 4; lastKnownFileType = sourcecode.c.h; path = QSBridgeServiceAction.h; sourceTree = "<group>"; };
		36698B12077B2D6B54A9688F /* QSServiceObjectSource.m */ = {isa = PBXFileReference; fileEncoding = 4; lastKnownFileType = sourcecode.c.objc; path = QSServiceObjectSource.m; sourceTree = "<group>"; };
		36698C4F07DED3EA48343AC8 /* Gear.png */ = {isa = PBXFileReference; lastKnownFileType = image.png; path = Gear.png; sourceTree = "<group>"; };
		36698D998747F2E8A9B907BE /* QSServiceObjectSource.h */ = {isa = PBXFileReference; fileEncoding = 4; lastKnownFileType = sourcecode.c.h; path = QSServiceObjectSource.h; sourceTree = "<group>"; };
		36698E8257BDDD7ACCA4618C /* QSBridgeServiceAction.m */ = {isa = PBXFileReference; fileEncoding = 4; lastKnownFileType = sourcecode.c.objc; path = QSBridgeServiceAction.m; sourceTree = "<group>"; };
		4D308B220F45BCA6009433C0 /* Common.xcconfig */ = {isa = PBXFileReference; fileEncoding = 4; lastKnownFileType = text.xcconfig; path = Common.xcconfig; sourceTree = "<group>"; };
		4D308B230F45BCA6009433C0 /* Debug.xcconfig */ = {isa = PBXFileReference; fileEncoding = 4; lastKnownFileType = text.xcconfig; path = Debug.xcconfig; sourceTree = "<group>"; };
		4D308B240F45BCA6009433C0 /* Developer.xcconfig */ = {isa = PBXFileReference; fileEncoding = 4; lastKnownFileType = text.xcconfig; path = Developer.xcconfig; sourceTree = "<group>"; };
		4D308B250F45BCA6009433C0 /* QSPlugIn.xcconfig */ = {isa = PBXFileReference; fileEncoding = 4; lastKnownFileType = text.xcconfig; path = QSPlugIn.xcconfig; sourceTree = "<group>"; };
		4D308B290F45BCA6009433C0 /* Release.xcconfig */ = {isa = PBXFileReference; fileEncoding = 4; lastKnownFileType = text.xcconfig; path = Release.xcconfig; sourceTree = "<group>"; };
		4D4D66DB0F4722D600DAAB6B /* NSServiceModifications.plist */ = {isa = PBXFileReference; fileEncoding = 4; lastKnownFileType = text.plist.xml; path = NSServiceModifications.plist; sourceTree = "<group>"; };
		7FE1627408294A8B00667242 /* QSServiceAction.h */ = {isa = PBXFileReference; fileEncoding = 30; lastKnownFileType = sourcecode.c.h; path = QSServiceAction.h; sourceTree = "<group>"; };
		7FE1627508294A8B00667242 /* QSServiceAction.m */ = {isa = PBXFileReference; fileEncoding = 30; lastKnownFileType = sourcecode.c.objc; path = QSServiceAction.m; sourceTree = "<group>"; };
		8D1AC9730486D14A00FE50C9 /* Info.plist */ = {isa = PBXFileReference; fileEncoding = 4; lastKnownFileType = text.plist; path = Info.plist; sourceTree = "<group>"; };
		8D1AC9740486D14A00FE50C9 /* Services Menu Plugin.qsplugin */ = {isa = PBXFileReference; explicitFileType = wrapper.cfbundle; includeInIndex = 0; path = "Services Menu Plugin.qsplugin"; sourceTree = BUILT_PRODUCTS_DIR; };
/* End PBXFileReference section */

/* Begin PBXFrameworksBuildPhase section */
		8D1AC96E0486D14A00FE50C9 /* Frameworks */ = {
			isa = PBXFrameworksBuildPhase;
			buildActionMask = 2147483647;
			files = (
				14DE946A10D0DFC600851A6F /* AppKit.framework in Frameworks */,
				1477B04710D0E52900B6698F /* QSCore.framework in Frameworks */,
				1477B04910D0E52900B6698F /* QSFoundation.framework in Frameworks */,
			);
			runOnlyForDeploymentPostprocessing = 0;
		};
/* End PBXFrameworksBuildPhase section */

/* Begin PBXGroup section */
		0259C574FE90428111CA0C5A /* QSServicesMenuPlugIn */ = {
			isa = PBXGroup;
			children = (
				4D308B210F45BCA6009433C0 /* Configuration */,
				32DBCF9E0370C38000C91783 /* Classes */,
				0259C582FE90428111CA0C5A /* Resources */,
				1ED78706FE9D4A0611CA0C5A /* Products */,
				2E58F364FFB232C311CA0CBA /* Frameworks */,
			);
			name = QSServicesMenuPlugIn;
			sourceTree = "<group>";
		};
		0259C582FE90428111CA0C5A /* Resources */ = {
			isa = PBXGroup;
			children = (
				4D4D66DB0F4722D600DAAB6B /* NSServiceModifications.plist */,
				8D1AC9730486D14A00FE50C9 /* Info.plist */,
				36698FE8935EED8761EB370C /* Images */,
			);
			name = Resources;
			sourceTree = "<group>";
		};
		1ED78706FE9D4A0611CA0C5A /* Products */ = {
			isa = PBXGroup;
			children = (
				8D1AC9740486D14A00FE50C9 /* Services Menu Plugin.qsplugin */,
			);
			name = Products;
			sourceTree = "<group>";
		};
		2E58F364FFB232C311CA0CBA /* Frameworks */ = {
			isa = PBXGroup;
			children = (
				1477B04310D0E52900B6698F /* QSCore.framework */,
				1477B04510D0E52900B6698F /* QSFoundation.framework */,
				14DE946910D0DFC600851A6F /* AppKit.framework */,
			);
			name = Frameworks;
			sourceTree = "<group>";
		};
		32DBCF9E0370C38000C91783 /* Classes */ = {
			isa = PBXGroup;
			children = (
				7FE1627408294A8B00667242 /* QSServiceAction.h */,
				7FE1627508294A8B00667242 /* QSServiceAction.m */,
				366987F6FAB75E91285B3284 /* QSBridgeServiceAction.h */,
				36698E8257BDDD7ACCA4618C /* QSBridgeServiceAction.m */,
				36698D998747F2E8A9B907BE /* QSServiceObjectSource.h */,
				36698B12077B2D6B54A9688F /* QSServiceObjectSource.m */,
			);
			name = Classes;
			sourceTree = "<group>";
		};
		36698FE8935EED8761EB370C /* Images */ = {
			isa = PBXGroup;
			children = (
				36698C4F07DED3EA48343AC8 /* Gear.png */,
			);
			name = Images;
			sourceTree = "<group>";
		};
		4D308B210F45BCA6009433C0 /* Configuration */ = {
			isa = PBXGroup;
			children = (
				4D308B220F45BCA6009433C0 /* Common.xcconfig */,
				4D308B230F45BCA6009433C0 /* Debug.xcconfig */,
				4D308B240F45BCA6009433C0 /* Developer.xcconfig */,
				4D308B250F45BCA6009433C0 /* QSPlugIn.xcconfig */,
				4D308B290F45BCA6009433C0 /* Release.xcconfig */,
			);
			name = Configuration;
			path = /private/tmp/QS/Configuration;
			sourceTree = "<absolute>";
		};
/* End PBXGroup section */

/* Begin PBXNativeTarget section */
		8D1AC9600486D14A00FE50C9 /* Services Menu Plugin */ = {
			isa = PBXNativeTarget;
			buildConfigurationList = 7FFF24FF085E488600266176 /* Build configuration list for PBXNativeTarget "Services Menu Plugin" */;
			buildPhases = (
				E1022B2806B3475D00299BEC /* “Update Version and Documentation” */,
				8D1AC9660486D14A00FE50C9 /* Resources */,
				8D1AC96A0486D14A00FE50C9 /* Sources */,
				8D1AC96E0486D14A00FE50C9 /* Frameworks */,
			);
			buildRules = (
			);
			dependencies = (
			);
			name = "Services Menu Plugin";
			productInstallPath = "$(HOME)/Developer/Palettes";
			productName = QSServicesMenuPlugIn;
			productReference = 8D1AC9740486D14A00FE50C9 /* Services Menu Plugin.qsplugin */;
			productType = "com.apple.product-type.bundle";
		};
/* End PBXNativeTarget section */

/* Begin PBXProject section */
		0259C573FE90428111CA0C5A /* Project object */ = {
			isa = PBXProject;
			attributes = {
				LastUpgradeCheck = 0420;
			};
			buildConfigurationList = 7FFF2503085E488600266176 /* Build configuration list for PBXProject "QSServicesMenuPlugIn" */;
			compatibilityVersion = "Xcode 3.2";
			developmentRegion = English;
			hasScannedForEncodings = 1;
			knownRegions = (
				en,
			);
			mainGroup = 0259C574FE90428111CA0C5A /* QSServicesMenuPlugIn */;
			projectDirPath = "";
			projectRoot = "";
			targets = (
				8D1AC9600486D14A00FE50C9 /* Services Menu Plugin */,
			);
		};
/* End PBXProject section */

/* Begin PBXResourcesBuildPhase section */
		8D1AC9660486D14A00FE50C9 /* Resources */ = {
			isa = PBXResourcesBuildPhase;
			buildActionMask = 2147483647;
			files = (
				4D4D66DC0F4722D600DAAB6B /* NSServiceModifications.plist in Resources */,
				36698269B9711733DDADAC34 /* Gear.png in Resources */,
			);
			runOnlyForDeploymentPostprocessing = 0;
		};
/* End PBXResourcesBuildPhase section */

/* Begin PBXShellScriptBuildPhase section */
		E1022B2806B3475D00299BEC /* “Update Version and Documentation” */ = {
			isa = PBXShellScriptBuildPhase;
			buildActionMask = 8;
			files = (
			);
			inputPaths = (
			);
			name = "“Update Version and Documentation”";
			outputPaths = (
			);
			runOnlyForDeploymentPostprocessing = 1;
			shellPath = /bin/sh;
			shellScript = "\"$QS_BUILD_ROOT/Tools/bltrversion\"";
		};
/* End PBXShellScriptBuildPhase section */

/* Begin PBXSourcesBuildPhase section */
		8D1AC96A0486D14A00FE50C9 /* Sources */ = {
			isa = PBXSourcesBuildPhase;
			buildActionMask = 2147483647;
			files = (
				7FE1627608294A8B00667242 /* QSServiceAction.m in Sources */,
				36698F7E4F579379555319FD /* QSBridgeServiceAction.m in Sources */,
				36698C83F76CA526CCAAF08A /* QSServiceObjectSource.m in Sources */,
			);
			runOnlyForDeploymentPostprocessing = 0;
		};
/* End PBXSourcesBuildPhase section */

/* Begin XCBuildConfiguration section */
		7FFF2500085E488600266176 /* Debug */ = {
			isa = XCBuildConfiguration;
			baseConfigurationReference = 4D308B250F45BCA6009433C0 /* QSPlugIn.xcconfig */;
			buildSettings = {
				OTHER_LDFLAGS = "-bundle";
				PRODUCT_NAME = "Services Menu Plugin";
			};
			name = Debug;
		};
		7FFF2501085E488600266176 /* Release */ = {
			isa = XCBuildConfiguration;
			baseConfigurationReference = 4D308B250F45BCA6009433C0 /* QSPlugIn.xcconfig */;
			buildSettings = {
				OTHER_LDFLAGS = "-bundle";
				PRODUCT_NAME = "Services Menu Plugin";
			};
			name = Release;
		};
		7FFF2504085E488600266176 /* Debug */ = {
			isa = XCBuildConfiguration;
			baseConfigurationReference = 4D308B230F45BCA6009433C0 /* Debug.xcconfig */;
			buildSettings = {
			};
			name = Debug;
		};
		7FFF2505085E488600266176 /* Release */ = {
			isa = XCBuildConfiguration;
			baseConfigurationReference = 4D308B290F45BCA6009433C0 /* Release.xcconfig */;
			buildSettings = {
			};
			name = Release;
		};
/* End XCBuildConfiguration section */

/* Begin XCConfigurationList section */
		7FFF24FF085E488600266176 /* Build configuration list for PBXNativeTarget "Services Menu Plugin" */ = {
			isa = XCConfigurationList;
			buildConfigurations = (
				7FFF2500085E488600266176 /* Debug */,
				7FFF2501085E488600266176 /* Release */,
			);
			defaultConfigurationIsVisible = 0;
			defaultConfigurationName = Debug;
		};
		7FFF2503085E488600266176 /* Build configuration list for PBXProject "QSServicesMenuPlugIn" */ = {
			isa = XCConfigurationList;
			buildConfigurations = (
				7FFF2504085E488600266176 /* Debug */,
				7FFF2505085E488600266176 /* Release */,
			);
			defaultConfigurationIsVisible = 0;
			defaultConfigurationName = Debug;
		};
/* End XCConfigurationList section */
	};
	rootObject = 0259C573FE90428111CA0C5A /* Project object */;
}
